
Microsoft Visual Studio Solution File, Format Version 12.00
# Visual Studio 2012
Project("{FAE04EC0-301F-11D3-BF4B-00C04F79EFBC}") = "MarsRovers.Entity", "MarsRovers.Entity\MarsRovers.Entity.csproj", "{2825752E-1687-4ADA-903C-5E3D2AB62E79}"
EndProject
Project("{FAE04EC0-301F-11D3-BF4B-00C04F79EFBC}") = "MarsRovers.Repository", "MarsRovers.Repository\MarsRovers.Repository.csproj", "{E038C1D8-545A-411A-8096-FC4265B96AC0}"
EndProject
Project("{FAE04EC0-301F-11D3-BF4B-00C04F79EFBC}") = "MarsRovers.Service", "MarsRovers.Service\MarsRovers.Service.csproj", "{57D027B9-E1F9-448A-8651-72D345E2E0A0}"
EndProject
Project("{FAE04EC0-301F-11D3-BF4B-00C04F79EFBC}") = "MarsRovers.Test", "MarsRovers.Test\MarsRovers.Test.csproj", "{10ECC24E-B66D-4C4F-BCF9-4CF05BF8F480}"
EndProject
Project("{FAE04EC0-301F-11D3-BF4B-00C04F79EFBC}") = "MarsRovers.Common", "MarsRovers.Helper\MarsRovers.Common.csproj", "{379C687A-4184-4283-BFCA-E725DC18815C}"
EndProject
Project("{FAE04EC0-301F-11D3-BF4B-00C04F79EFBC}") = "MarsRovers.DTO", "MarsRovers.DTO\MarsRovers.DTO.csproj", "{76D5A544-49DB-4288-BC71-EFFB48FCF0E7}"
EndProject
Project("{FAE04EC0-301F-11D3-BF4B-00C04F79EFBC}") = "MarsRovers.UI.ConsoleApp", "MarsRovers.UI.Console\MarsRovers.UI.ConsoleApp.csproj", "{B6C9E041-89D5-49C8-A5E2-9E00FF9AFCAC}"
EndProject
Project("{FAE04EC0-301F-11D3-BF4B-00C04F79EFBC}") = "MarsRovers.IOC", "MarsRovers.IOC\MarsRovers.IOC.csproj", "{149A89BC-97CA-4E2E-9B54-D4C55AECF6C1}"
EndProject
Project("{FAE04EC0-301F-11D3-BF4B-00C04F79EFBC}") = "MarsRovers.Server.SignalR", "MarsRovers.Server.SignalR\MarsRovers.Server.SignalR.csproj", "{01AEBA1D-346C-42FA-B033-1668B0D3D0D2}"
EndProject
Project("{FAE04EC0-301F-11D3-BF4B-00C04F79EFBC}") = "MarsRovers.UI.RoverMonitor", "MarsRovers.UI.RoverMonitor\MarsRovers.UI.RoverMonitor.csproj", "{91362AFE-48A0-4A79-AEC4-3225973401A7}"
EndProject
Global
	GlobalSection(SolutionConfigurationPlatforms) = preSolution
		Debug|Any CPU = Debug|Any CPU
		Release|Any CPU = Release|Any CPU
	EndGlobalSection
	GlobalSection(ProjectConfigurationPlatforms) = postSolution
		{2825752E-1687-4ADA-903C-5E3D2AB62E79}.Debug|Any CPU.ActiveCfg = Debug|Any CPU
		{2825752E-1687-4ADA-903C-5E3D2AB62E79}.Debug|Any CPU.Build.0 = Debug|Any CPU
		{2825752E-1687-4ADA-903C-5E3D2AB62E79}.Release|Any CPU.ActiveCfg = Release|Any CPU
		{2825752E-1687-4ADA-903C-5E3D2AB62E79}.Release|Any CPU.Build.0 = Release|Any CPU
		{E038C1D8-545A-411A-8096-FC4265B96AC0}.Debug|Any CPU.ActiveCfg = Debug|Any CPU
		{E038C1D8-545A-411A-8096-FC4265B96AC0}.Debug|Any CPU.Build.0 = Debug|Any CPU
		{E038C1D8-545A-411A-8096-FC4265B96AC0}.Release|Any CPU.ActiveCfg = Release|Any CPU
		{E038C1D8-545A-411A-8096-FC4265B96AC0}.Release|Any CPU.Build.0 = Release|Any CPU
		{57D027B9-E1F9-448A-8651-72D345E2E0A0}.Debug|Any CPU.ActiveCfg = Debug|Any CPU
		{57D027B9-E1F9-448A-8651-72D345E2E0A0}.Debug|Any CPU.Build.0 = Debug|Any CPU
		{57D027B9-E1F9-448A-8651-72D345E2E0A0}.Release|Any CPU.ActiveCfg = Release|Any CPU
		{57D027B9-E1F9-448A-8651-72D345E2E0A0}.Release|Any CPU.Build.0 = Release|Any CPU
		{10ECC24E-B66D-4C4F-BCF9-4CF05BF8F480}.Debug|Any CPU.ActiveCfg = Debug|Any CPU
		{10ECC24E-B66D-4C4F-BCF9-4CF05BF8F480}.Debug|Any CPU.Build.0 = Debug|Any CPU
		{10ECC24E-B66D-4C4F-BCF9-4CF05BF8F480}.Release|Any CPU.ActiveCfg = Release|Any CPU
		{10ECC24E-B66D-4C4F-BCF9-4CF05BF8F480}.Release|Any CPU.Build.0 = Release|Any CPU
		{379C687A-4184-4283-BFCA-E725DC18815C}.Debug|Any CPU.ActiveCfg = Debug|Any CPU
		{379C687A-4184-4283-BFCA-E725DC18815C}.Debug|Any CPU.Build.0 = Debug|Any CPU
		{379C687A-4184-4283-BFCA-E725DC18815C}.Release|Any CPU.ActiveCfg = Release|Any CPU
		{379C687A-4184-4283-BFCA-E725DC18815C}.Release|Any CPU.Build.0 = Release|Any CPU
		{76D5A544-49DB-4288-BC71-EFFB48FCF0E7}.Debug|Any CPU.ActiveCfg = Debug|Any CPU
		{76D5A544-49DB-4288-BC71-EFFB48FCF0E7}.Debug|Any CPU.Build.0 = Debug|Any CPU
		{76D5A544-49DB-4288-BC71-EFFB48FCF0E7}.Release|Any CPU.ActiveCfg = Release|Any CPU
		{76D5A544-49DB-4288-BC71-EFFB48FCF0E7}.Release|Any CPU.Build.0 = Release|Any CPU
		{B6C9E041-89D5-49C8-A5E2-9E00FF9AFCAC}.Debug|Any CPU.ActiveCfg = Debug|Any CPU
		{B6C9E041-89D5-49C8-A5E2-9E00FF9AFCAC}.Debug|Any CPU.Build.0 = Debug|Any CPU
		{B6C9E041-89D5-49C8-A5E2-9E00FF9AFCAC}.Release|Any CPU.ActiveCfg = Release|Any CPU
		{B6C9E041-89D5-49C8-A5E2-9E00FF9AFCAC}.Release|Any CPU.Build.0 = Release|Any CPU
		{149A89BC-97CA-4E2E-9B54-D4C55AECF6C1}.Debug|Any CPU.ActiveCfg = Debug|Any CPU
		{149A89BC-97CA-4E2E-9B54-D4C55AECF6C1}.Debug|Any CPU.Build.0 = Debug|Any CPU
		{149A89BC-97CA-4E2E-9B54-D4C55AECF6C1}.Release|Any CPU.ActiveCfg = Release|Any CPU
		{149A89BC-97CA-4E2E-9B54-D4C55AECF6C1}.Release|Any CPU.Build.0 = Release|Any CPU
		{01AEBA1D-346C-42FA-B033-1668B0D3D0D2}.Debug|Any CPU.ActiveCfg = Debug|Any CPU
		{01AEBA1D-346C-42FA-B033-1668B0D3D0D2}.Debug|Any CPU.Build.0 = Debug|Any CPU
		{01AEBA1D-346C-42FA-B033-1668B0D3D0D2}.Release|Any CPU.ActiveCfg = Release|Any CPU
		{01AEBA1D-346C-42FA-B033-1668B0D3D0D2}.Release|Any CPU.Build.0 = Release|Any CPU
		{91362AFE-48A0-4A79-AEC4-3225973401A7}.Debug|Any CPU.ActiveCfg = Debug|Any CPU
		{91362AFE-48A0-4A79-AEC4-3225973401A7}.Debug|Any CPU.Build.0 = Debug|Any CPU
		{91362AFE-48A0-4A79-AEC4-3225973401A7}.Release|Any CPU.ActiveCfg = Release|Any CPU
		{91362AFE-48A0-4A79-AEC4-3225973401A7}.Release|Any CPU.Build.0 = Release|Any CPU
	EndGlobalSection
	GlobalSection(SolutionProperties) = preSolution
		HideSolutionNode = FALSE
	EndGlobalSection
EndGlobal
